
Microsoft Visual Studio Solution File, Format Version 12.00
# Visual Studio 2017
Project("{FAE04EC0-301F-11D3-BF4B-00C04F79EFBC}") = "Linkage", "Linkage.csproj", "{1F341DCE-2AAD-8E16-D96D-3FF6226F7FC3}"
EndProject
Project("{FAE04EC0-301F-11D3-BF4B-00C04F79EFBC}") = "Linkage.Editor", "Linkage.Editor.csproj", "{3568C004-D73F-3D13-72ED-15C1087B94D5}"
EndProject
Global
	GlobalSection(SolutionConfigurationPlatforms) = preSolution
		Debug|Any CPU = Debug|Any CPU
		Release|Any CPU = Release|Any CPU
	EndGlobalSection
	GlobalSection(ProjectConfigurationPlatforms) = postSolution
		{1F341DCE-2AAD-8E16-D96D-3FF6226F7FC3}.Debug|Any CPU.ActiveCfg = Debug|Any CPU
		{1F341DCE-2AAD-8E16-D96D-3FF6226F7FC3}.Debug|Any CPU.Build.0 = Debug|Any CPU
		{1F341DCE-2AAD-8E16-D96D-3FF6226F7FC3}.Release|Any CPU.ActiveCfg = Release|Any CPU
		{1F341DCE-2AAD-8E16-D96D-3FF6226F7FC3}.Release|Any CPU.Build.0 = Release|Any CPU
		{3568C004-D73F-3D13-72ED-15C1087B94D5}.Debug|Any CPU.ActiveCfg = Debug|Any CPU
		{3568C004-D73F-3D13-72ED-15C1087B94D5}.Debug|Any CPU.Build.0 = Debug|Any CPU
		{3568C004-D73F-3D13-72ED-15C1087B94D5}.Release|Any CPU.ActiveCfg = Release|Any CPU
		{3568C004-D73F-3D13-72ED-15C1087B94D5}.Release|Any CPU.Build.0 = Release|Any CPU
	EndGlobalSection
	GlobalSection(SolutionProperties) = preSolution
		HideSolutionNode = FALSE
	EndGlobalSection
EndGlobal
